
Microsoft Visual Studio Solution File, Format Version 12.00
# Visual Studio 15
VisualStudioVersion = 15.0.28307.572
MinimumVisualStudioVersion = 10.0.40219.1
Project("{FAE04EC0-301F-11D3-BF4B-00C04F79EFBC}") = "SimpleChatClient", "SimpleChatClient\SimpleChatClient.csproj", "{F641FD89-4C3D-4F77-B52B-7F2E8C9D8C6F}"
EndProject
Global
	GlobalSection(SolutionConfigurationPlatforms) = preSolution
		Debug|Any CPU = Debug|Any CPU
		Release|Any CPU = Release|Any CPU
	EndGlobalSection
	GlobalSection(ProjectConfigurationPlatforms) = postSolution
		{F641FD89-4C3D-4F77-B52B-7F2E8C9D8C6F}.Debug|Any CPU.ActiveCfg = Debug|Any CPU
		{F641FD89-4C3D-4F77-B52B-7F2E8C9D8C6F}.Debug|Any CPU.Build.0 = Debug|Any CPU
		{F641FD89-4C3D-4F77-B52B-7F2E8C9D8C6F}.Release|Any CPU.ActiveCfg = Release|Any CPU
		{F641FD89-4C3D-4F77-B52B-7F2E8C9D8C6F}.Release|Any CPU.Build.0 = Release|Any CPU
	EndGlobalSection
	GlobalSection(SolutionProperties) = preSolution
		HideSolutionNode = FALSE
	EndGlobalSection
	GlobalSection(ExtensibilityGlobals) = postSolution
		SolutionGuid = {3A4DE4A2-9D05-48D7-B097-26DB553B8C41}
	EndGlobalSection
EndGlobal
